
Microsoft Visual Studio Solution File, Format Version 12.00
# Visual Studio Version 16
VisualStudioVersion = 16.0.31911.196
MinimumVisualStudioVersion = 10.0.40219.1
Project("{FAE04EC0-301F-11D3-BF4B-00C04F79EFBC}") = "RepairShop", "RepairShop.csproj", "{318FFCFD-DF58-4BDE-8D5A-F004CF690C1F}"
EndProject
Global
	GlobalSection(SolutionConfigurationPlatforms) = preSolution
		Debug|Any CPU = Debug|Any CPU
		Release|Any CPU = Release|Any CPU
	EndGlobalSection
	GlobalSection(ProjectConfigurationPlatforms) = postSolution
		{318FFCFD-DF58-4BDE-8D5A-F004CF690C1F}.Debug|Any CPU.ActiveCfg = Debug|Any CPU
		{318FFCFD-DF58-4BDE-8D5A-F004CF690C1F}.Debug|Any CPU.Build.0 = Debug|Any CPU
		{318FFCFD-DF58-4BDE-8D5A-F004CF690C1F}.Release|Any CPU.ActiveCfg = Release|Any CPU
		{318FFCFD-DF58-4BDE-8D5A-F004CF690C1F}.Release|Any CPU.Build.0 = Release|Any CPU
	EndGlobalSection
	GlobalSection(SolutionProperties) = preSolution
		HideSolutionNode = FALSE
	EndGlobalSection
	GlobalSection(ExtensibilityGlobals) = postSolution
		SolutionGuid = {39792B96-E1E9-408B-ABF5-5B16E45E34DD}
	EndGlobalSection
EndGlobal
